// !$*UTF8*$!
{
	archiveVersion = 1;
	classes = {
	};
	objectVersion = 56;
	objects = {

/* Begin PBXBuildFile section */
		FC2A5AAC29B11E890071FF9E /* WeatherView.swift in Sources */ = {isa = PBXBuildFile; fileRef = FC2A5AAB29B11E890071FF9E /* WeatherView.swift */; };
		FC2A5AAE29B11EFD0071FF9E /* ModelData.swift in Sources */ = {isa = PBXBuildFile; fileRef = FC2A5AAD29B11EFD0071FF9E /* ModelData.swift */; };
		FC2A5AB029B11F2B0071FF9E /* weatherData.json in Resources */ = {isa = PBXBuildFile; fileRef = FC2A5AAF29B11F2B0071FF9E /* weatherData.json */; };
		FC2A5AB229B121450071FF9E /* Extensions.swift in Sources */ = {isa = PBXBuildFile; fileRef = FC2A5AB129B121450071FF9E /* Extensions.swift */; };
		FC72B79629AD643400E3A8F2 /* WeatherApp.swift in Sources */ = {isa = PBXBuildFile; fileRef = FC72B79529AD643400E3A8F2 /* WeatherApp.swift */; };
		FC72B79829AD643400E3A8F2 /* ContentView.swift in Sources */ = {isa = PBXBuildFile; fileRef = FC72B79729AD643400E3A8F2 /* ContentView.swift */; };
		FC72B79A29AD643500E3A8F2 /* Assets.xcassets in Resources */ = {isa = PBXBuildFile; fileRef = FC72B79929AD643500E3A8F2 /* Assets.xcassets */; };
		FC72B79D29AD643500E3A8F2 /* Preview Assets.xcassets in Resources */ = {isa = PBXBuildFile; fileRef = FC72B79C29AD643500E3A8F2 /* Preview Assets.xcassets */; };
		FC72B7A729AD643500E3A8F2 /* WeatherTests.swift in Sources */ = {isa = PBXBuildFile; fileRef = FC72B7A629AD643500E3A8F2 /* WeatherTests.swift */; };
		FC72B7B129AD643500E3A8F2 /* WeatherUITests.swift in Sources */ = {isa = PBXBuildFile; fileRef = FC72B7B029AD643500E3A8F2 /* WeatherUITests.swift */; };
		FC72B7B329AD643500E3A8F2 /* WeatherUITestsLaunchTests.swift in Sources */ = {isa = PBXBuildFile; fileRef = FC72B7B229AD643500E3A8F2 /* WeatherUITestsLaunchTests.swift */; };
		FC72B7C129AD64C600E3A8F2 /* LocationManager.swift in Sources */ = {isa = PBXBuildFile; fileRef = FC72B7C029AD64C600E3A8F2 /* LocationManager.swift */; };
		FC72B7C429AD66C200E3A8F2 /* WelcomeView.swift in Sources */ = {isa = PBXBuildFile; fileRef = FC72B7C329AD66C200E3A8F2 /* WelcomeView.swift */; };
		FC72B7C629AD6BE600E3A8F2 /* LoadingView.swift in Sources */ = {isa = PBXBuildFile; fileRef = FC72B7C529AD6BE600E3A8F2 /* LoadingView.swift */; };
		FC72B7C829AD6DD400E3A8F2 /* WeatherManager.swift in Sources */ = {isa = PBXBuildFile; fileRef = FC72B7C729AD6DD400E3A8F2 /* WeatherManager.swift */; };
/* End PBXBuildFile section */

/* Begin PBXContainerItemProxy section */
		FC72B7A329AD643500E3A8F2 /* PBXContainerItemProxy */ = {
			isa = PBXContainerItemProxy;
			containerPortal = FC72B78A29AD643400E3A8F2 /* Project object */;
			proxyType = 1;
			remoteGlobalIDString = FC72B79129AD643400E3A8F2;
			remoteInfo = Weather;
		};
		FC72B7AD29AD643500E3A8F2 /* PBXContainerItemProxy */ = {
			isa = PBXContainerItemProxy;
			containerPortal = FC72B78A29AD643400E3A8F2 /* Project object */;
			proxyType = 1;
			remoteGlobalIDString = FC72B79129AD643400E3A8F2;
			remoteInfo = Weather;
		};
/* End PBXContainerItemProxy section */

/* Begin PBXFileReference section */
		FC2A5AAB29B11E890071FF9E /* WeatherView.swift */ = {isa = PBXFileReference; lastKnownFileType = sourcecode.swift; path = WeatherView.swift; sourceTree = "<group>"; };
		FC2A5AAD29B11EFD0071FF9E /* ModelData.swift */ = {isa = PBXFileReference; lastKnownFileType = sourcecode.swift; path = ModelData.swift; sourceTree = "<group>"; };
		FC2A5AAF29B11F2B0071FF9E /* weatherData.json */ = {isa = PBXFileReference; lastKnownFileType = text.json; path = weatherData.json; sourceTree = "<group>"; };
		FC2A5AB129B121450071FF9E /* Extensions.swift */ = {isa = PBXFileReference; lastKnownFileType = sourcecode.swift; path = Extensions.swift; sourceTree = "<group>"; };
		FC72B79229AD643400E3A8F2 /* Weather.app */ = {isa = PBXFileReference; explicitFileType = wrapper.application; includeInIndex = 0; path = Weather.app; sourceTree = BUILT_PRODUCTS_DIR; };
		FC72B79529AD643400E3A8F2 /* WeatherApp.swift */ = {isa = PBXFileReference; lastKnownFileType = sourcecode.swift; path = WeatherApp.swift; sourceTree = "<group>"; };
		FC72B79729AD643400E3A8F2 /* ContentView.swift */ = {isa = PBXFileReference; lastKnownFileType = sourcecode.swift; path = ContentView.swift; sourceTree = "<group>"; };
		FC72B79929AD643500E3A8F2 /* Assets.xcassets */ = {isa = PBXFileReference; lastKnownFileType = folder.assetcatalog; path = Assets.xcassets; sourceTree = "<group>"; };
		FC72B79C29AD643500E3A8F2 /* Preview Assets.xcassets */ = {isa = PBXFileReference; lastKnownFileType = folder.assetcatalog; path = "Preview Assets.xcassets"; sourceTree = "<group>"; };
		FC72B7A229AD643500E3A8F2 /* WeatherTests.xctest */ = {isa = PBXFileReference; explicitFileType = wrapper.cfbundle; includeInIndex = 0; path = WeatherTests.xctest; sourceTree = BUILT_PRODUCTS_DIR; };
		FC72B7A629AD643500E3A8F2 /* WeatherTests.swift */ = {isa = PBXFileReference; lastKnownFileType = sourcecode.swift; path = WeatherTests.swift; sourceTree = "<group>"; };
		FC72B7AC29AD643500E3A8F2 /* WeatherUITests.xctest */ = {isa = PBXFileReference; explicitFileType = wrapper.cfbundle; includeInIndex = 0; path = WeatherUITests.xctest; sourceTree = BUILT_PRODUCTS_DIR; };
		FC72B7B029AD643500E3A8F2 /* WeatherUITests.swift */ = {isa = PBXFileReference; lastKnownFileType = sourcecode.swift; path = WeatherUITests.swift; sourceTree = "<group>"; };
		FC72B7B229AD643500E3A8F2 /* WeatherUITestsLaunchTests.swift */ = {isa = PBXFileReference; lastKnownFileType = sourcecode.swift; path = WeatherUITestsLaunchTests.swift; sourceTree = "<group>"; };
		FC72B7C029AD64C600E3A8F2 /* LocationManager.swift */ = {isa = PBXFileReference; lastKnownFileType = sourcecode.swift; path = LocationManager.swift; sourceTree = "<group>"; };
		FC72B7C329AD66C200E3A8F2 /* WelcomeView.swift */ = {isa = PBXFileReference; lastKnownFileType = sourcecode.swift; path = WelcomeView.swift; sourceTree = "<group>"; };
		FC72B7C529AD6BE600E3A8F2 /* LoadingView.swift */ = {isa = PBXFileReference; lastKnownFileType = sourcecode.swift; path = LoadingView.swift; sourceTree = "<group>"; };
		FC72B7C729AD6DD400E3A8F2 /* WeatherManager.swift */ = {isa = PBXFileReference; lastKnownFileType = sourcecode.swift; path = WeatherManager.swift; sourceTree = "<group>"; };
/* End PBXFileReference section */

/* Begin PBXFrameworksBuildPhase section */
		FC72B78F29AD643400E3A8F2 /* Frameworks */ = {
			isa = PBXFrameworksBuildPhase;
			buildActionMask = 2147483647;
			files = (
			);
			runOnlyForDeploymentPostprocessing = 0;
		};
		FC72B79F29AD643500E3A8F2 /* Frameworks */ = {
			isa = PBXFrameworksBuildPhase;
			buildActionMask = 2147483647;
			files = (
			);
			runOnlyForDeploymentPostprocessing = 0;
		};
		FC72B7A929AD643500E3A8F2 /* Frameworks */ = {
			isa = PBXFrameworksBuildPhase;
			buildActionMask = 2147483647;
			files = (
			);
			runOnlyForDeploymentPostprocessing = 0;
		};
/* End PBXFrameworksBuildPhase section */

/* Begin PBXGroup section */
		FC72B78929AD643400E3A8F2 = {
			isa = PBXGroup;
			children = (
				FC72B79429AD643400E3A8F2 /* Weather */,
				FC72B7A529AD643500E3A8F2 /* WeatherTests */,
				FC72B7AF29AD643500E3A8F2 /* WeatherUITests */,
				FC72B79329AD643400E3A8F2 /* Products */,
			);
			sourceTree = "<group>";
		};
		FC72B79329AD643400E3A8F2 /* Products */ = {
			isa = PBXGroup;
			children = (
				FC72B79229AD643400E3A8F2 /* Weather.app */,
				FC72B7A229AD643500E3A8F2 /* WeatherTests.xctest */,
				FC72B7AC29AD643500E3A8F2 /* WeatherUITests.xctest */,
			);
			name = Products;
			sourceTree = "<group>";
		};
		FC72B79429AD643400E3A8F2 /* Weather */ = {
			isa = PBXGroup;
			children = (
				FC72B79529AD643400E3A8F2 /* WeatherApp.swift */,
				FC72B7C229AD65F100E3A8F2 /* Views */,
				FC72B7BF29AD64A100E3A8F2 /* Managers */,
				FC72B79929AD643500E3A8F2 /* Assets.xcassets */,
				FC72B79B29AD643500E3A8F2 /* Preview Content */,
				FC2A5AB129B121450071FF9E /* Extensions.swift */,
			);
			path = Weather;
			sourceTree = "<group>";
		};
		FC72B79B29AD643500E3A8F2 /* Preview Content */ = {
			isa = PBXGroup;
			children = (
				FC72B79C29AD643500E3A8F2 /* Preview Assets.xcassets */,
				FC2A5AAD29B11EFD0071FF9E /* ModelData.swift */,
				FC2A5AAF29B11F2B0071FF9E /* weatherData.json */,
			);
			path = "Preview Content";
			sourceTree = "<group>";
		};
		FC72B7A529AD643500E3A8F2 /* WeatherTests */ = {
			isa = PBXGroup;
			children = (
				FC72B7A629AD643500E3A8F2 /* WeatherTests.swift */,
			);
			path = WeatherTests;
			sourceTree = "<group>";
		};
		FC72B7AF29AD643500E3A8F2 /* WeatherUITests */ = {
			isa = PBXGroup;
			children = (
				FC72B7B029AD643500E3A8F2 /* WeatherUITests.swift */,
				FC72B7B229AD643500E3A8F2 /* WeatherUITestsLaunchTests.swift */,
			);
			path = WeatherUITests;
			sourceTree = "<group>";
		};
		FC72B7BF29AD64A100E3A8F2 /* Managers */ = {
			isa = PBXGroup;
			children = (
				FC72B7C029AD64C600E3A8F2 /* LocationManager.swift */,
				FC72B7C729AD6DD400E3A8F2 /* WeatherManager.swift */,
			);
			path = Managers;
			sourceTree = "<group>";
		};
		FC72B7C229AD65F100E3A8F2 /* Views */ = {
			isa = PBXGroup;
			children = (
				FC72B79729AD643400E3A8F2 /* ContentView.swift */,
				FC72B7C329AD66C200E3A8F2 /* WelcomeView.swift */,
				FC72B7C529AD6BE600E3A8F2 /* LoadingView.swift */,
				FC2A5AAB29B11E890071FF9E /* WeatherView.swift */,
			);
			path = Views;
			sourceTree = "<group>";
		};
/* End PBXGroup section */

/* Begin PBXNativeTarget section */
		FC72B79129AD643400E3A8F2 /* Weather */ = {
			isa = PBXNativeTarget;
			buildConfigurationList = FC72B7B629AD643500E3A8F2 /* Build configuration list for PBXNativeTarget "Weather" */;
			buildPhases = (
				FC72B78E29AD643400E3A8F2 /* Sources */,
				FC72B78F29AD643400E3A8F2 /* Frameworks */,
				FC72B79029AD643400E3A8F2 /* Resources */,
			);
			buildRules = (
			);
			dependencies = (
			);
			name = Weather;
			productName = Weather;
			productReference = FC72B79229AD643400E3A8F2 /* Weather.app */;
			productType = "com.apple.product-type.application";
		};
		FC72B7A129AD643500E3A8F2 /* WeatherTests */ = {
			isa = PBXNativeTarget;
			buildConfigurationList = FC72B7B929AD643500E3A8F2 /* Build configuration list for PBXNativeTarget "WeatherTests" */;
			buildPhases = (
				FC72B79E29AD643500E3A8F2 /* Sources */,
				FC72B79F29AD643500E3A8F2 /* Frameworks */,
				FC72B7A029AD643500E3A8F2 /* Resources */,
			);
			buildRules = (
			);
			dependencies = (
				FC72B7A429AD643500E3A8F2 /* PBXTargetDependency */,
			);
			name = WeatherTests;
			productName = WeatherTests;
			productReference = FC72B7A229AD643500E3A8F2 /* WeatherTests.xctest */;
			productType = "com.apple.product-type.bundle.unit-test";
		};
		FC72B7AB29AD643500E3A8F2 /* WeatherUITests */ = {
			isa = PBXNativeTarget;
			buildConfigurationList = FC72B7BC29AD643500E3A8F2 /* Build configuration list for PBXNativeTarget "WeatherUITests" */;
			buildPhases = (
				FC72B7A829AD643500E3A8F2 /* Sources */,
				FC72B7A929AD643500E3A8F2 /* Frameworks */,
				FC72B7AA29AD643500E3A8F2 /* Resources */,
			);
			buildRules = (
			);
			dependencies = (
				FC72B7AE29AD643500E3A8F2 /* PBXTargetDependency */,
			);
			name = WeatherUITests;
			productName = WeatherUITests;
			productReference = FC72B7AC29AD643500E3A8F2 /* WeatherUITests.xctest */;
			productType = "com.apple.product-type.bundle.ui-testing";
		};
/* End PBXNativeTarget section */

/* Begin PBXProject section */
		FC72B78A29AD643400E3A8F2 /* Project object */ = {
			isa = PBXProject;
			attributes = {
				BuildIndependentTargetsInParallel = 1;
				LastSwiftUpdateCheck = 1420;
				LastUpgradeCheck = 1420;
				TargetAttributes = {
					FC72B79129AD643400E3A8F2 = {
						CreatedOnToolsVersion = 14.2;
					};
					FC72B7A129AD643500E3A8F2 = {
						CreatedOnToolsVersion = 14.2;
						TestTargetID = FC72B79129AD643400E3A8F2;
					};
					FC72B7AB29AD643500E3A8F2 = {
						CreatedOnToolsVersion = 14.2;
						TestTargetID = FC72B79129AD643400E3A8F2;
					};
				};
			};
			buildConfigurationList = FC72B78D29AD643400E3A8F2 /* Build configuration list for PBXProject "Weather" */;
			compatibilityVersion = "Xcode 14.0";
			developmentRegion = en;
			hasScannedForEncodings = 0;
			knownRegions = (
				en,
				Base,
			);
			mainGroup = FC72B78929AD643400E3A8F2;
			productRefGroup = FC72B79329AD643400E3A8F2 /* Products */;
			projectDirPath = "";
			projectRoot = "";
			targets = (
				FC72B79129AD643400E3A8F2 /* Weather */,
				FC72B7A129AD643500E3A8F2 /* WeatherTests */,
				FC72B7AB29AD643500E3A8F2 /* WeatherUITests */,
			);
		};
/* End PBXProject section */

/* Begin PBXResourcesBuildPhase section */
		FC72B79029AD643400E3A8F2 /* Resources */ = {
			isa = PBXResourcesBuildPhase;
			buildActionMask = 2147483647;
			files = (
				FC72B79D29AD643500E3A8F2 /* Preview Assets.xcassets in Resources */,
				FC2A5AB029B11F2B0071FF9E /* weatherData.json in Resources */,
				FC72B79A29AD643500E3A8F2 /* Assets.xcassets in Resources */,
			);
			runOnlyForDeploymentPostprocessing = 0;
		};
		FC72B7A029AD643500E3A8F2 /* Resources */ = {
			isa = PBXResourcesBuildPhase;
			buildActionMask = 2147483647;
			files = (
			);
			runOnlyForDeploymentPostprocessing = 0;
		};
		FC72B7AA29AD643500E3A8F2 /* Resources */ = {
			isa = PBXResourcesBuildPhase;
			buildActionMask = 2147483647;
			files = (
			);
			runOnlyForDeploymentPostprocessing = 0;
		};
/* End PBXResourcesBuildPhase section */

/* Begin PBXSourcesBuildPhase section */
		FC72B78E29AD643400E3A8F2 /* Sources */ = {
			isa = PBXSourcesBuildPhase;
			buildActionMask = 2147483647;
			files = (
				FC72B7C829AD6DD400E3A8F2 /* WeatherManager.swift in Sources */,
				FC2A5AB229B121450071FF9E /* Extensions.swift in Sources */,
				FC72B79829AD643400E3A8F2 /* ContentView.swift in Sources */,
				FC72B79629AD643400E3A8F2 /* WeatherApp.swift in Sources */,
				FC72B7C129AD64C600E3A8F2 /* LocationManager.swift in Sources */,
				FC72B7C629AD6BE600E3A8F2 /* LoadingView.swift in Sources */,
				FC2A5AAE29B11EFD0071FF9E /* ModelData.swift in Sources */,
				FC2A5AAC29B11E890071FF9E /* WeatherView.swift in Sources */,
				FC72B7C429AD66C200E3A8F2 /* WelcomeView.swift in Sources */,
			);
			runOnlyForDeploymentPostprocessing = 0;
		};
		FC72B79E29AD643500E3A8F2 /* Sources */ = {
			isa = PBXSourcesBuildPhase;
			buildActionMask = 2147483647;
			files = (
				FC72B7A729AD643500E3A8F2 /* WeatherTests.swift in Sources */,
			);
			runOnlyForDeploymentPostprocessing = 0;
		};
		FC72B7A829AD643500E3A8F2 /* Sources */ = {
			isa = PBXSourcesBuildPhase;
			buildActionMask = 2147483647;
			files = (
				FC72B7B129AD643500E3A8F2 /* WeatherUITests.swift in Sources */,
				FC72B7B329AD643500E3A8F2 /* WeatherUITestsLaunchTests.swift in Sources */,
			);
			runOnlyForDeploymentPostprocessing = 0;
		};
/* End PBXSourcesBuildPhase section */

/* Begin PBXTargetDependency section */
		FC72B7A429AD643500E3A8F2 /* PBXTargetDependency */ = {
			isa = PBXTargetDependency;
			target = FC72B79129AD643400E3A8F2 /* Weather */;
			targetProxy = FC72B7A329AD643500E3A8F2 /* PBXContainerItemProxy */;
		};
		FC72B7AE29AD643500E3A8F2 /* PBXTargetDependency */ = {
			isa = PBXTargetDependency;
			target = FC72B79129AD643400E3A8F2 /* Weather */;
			targetProxy = FC72B7AD29AD643500E3A8F2 /* PBXContainerItemProxy */;
		};
/* End PBXTargetDependency section */

/* Begin XCBuildConfiguration section */
		FC72B7B429AD643500E3A8F2 /* Debug */ = {
			isa = XCBuildConfiguration;
			buildSettings = {
				ALWAYS_SEARCH_USER_PATHS = NO;
				CLANG_ANALYZER_NONNULL = YES;
				CLANG_ANALYZER_NUMBER_OBJECT_CONVERSION = YES_AGGRESSIVE;
				CLANG_CXX_LANGUAGE_STANDARD = "gnu++20";
				CLANG_ENABLE_MODULES = YES;
				CLANG_ENABLE_OBJC_ARC = YES;
				CLANG_ENABLE_OBJC_WEAK = YES;
				CLANG_WARN_BLOCK_CAPTURE_AUTORELEASING = YES;
				CLANG_WARN_BOOL_CONVERSION = YES;
				CLANG_WARN_COMMA = YES;
				CLANG_WARN_CONSTANT_CONVERSION = YES;
				CLANG_WARN_DEPRECATED_OBJC_IMPLEMENTATIONS = YES;
				CLANG_WARN_DIRECT_OBJC_ISA_USAGE = YES_ERROR;
				CLANG_WARN_DOCUMENTATION_COMMENTS = YES;
				CLANG_WARN_EMPTY_BODY = YES;
				CLANG_WARN_ENUM_CONVERSION = YES;
				CLANG_WARN_INFINITE_RECURSION = YES;
				CLANG_WARN_INT_CONVERSION = YES;
				CLANG_WARN_NON_LITERAL_NULL_CONVERSION = YES;
				CLANG_WARN_OBJC_IMPLICIT_RETAIN_SELF = YES;
				CLANG_WARN_OBJC_LITERAL_CONVERSION = YES;
				CLANG_WARN_OBJC_ROOT_CLASS = YES_ERROR;
				CLANG_WARN_QUOTED_INCLUDE_IN_FRAMEWORK_HEADER = YES;
				CLANG_WARN_RANGE_LOOP_ANALYSIS = YES;
				CLANG_WARN_STRICT_PROTOTYPES = YES;
				CLANG_WARN_SUSPICIOUS_MOVE = YES;
				CLANG_WARN_UNGUARDED_AVAILABILITY = YES_AGGRESSIVE;
				CLANG_WARN_UNREACHABLE_CODE = YES;
				CLANG_WARN__DUPLICATE_METHOD_MATCH = YES;
				COPY_PHASE_STRIP = NO;
				DEBUG_INFORMATION_FORMAT = dwarf;
				ENABLE_STRICT_OBJC_MSGSEND = YES;
				ENABLE_TESTABILITY = YES;
				GCC_C_LANGUAGE_STANDARD = gnu11;
				GCC_DYNAMIC_NO_PIC = NO;
				GCC_NO_COMMON_BLOCKS = YES;
				GCC_OPTIMIZATION_LEVEL = 0;
				GCC_PREPROCESSOR_DEFINITIONS = (
					"DEBUG=1",
					"$(inherited)",
				);
				GCC_WARN_64_TO_32_BIT_CONVERSION = YES;
				GCC_WARN_ABOUT_RETURN_TYPE = YES_ERROR;
				GCC_WARN_UNDECLARED_SELECTOR = YES;
				GCC_WARN_UNINITIALIZED_AUTOS = YES_AGGRESSIVE;
				GCC_WARN_UNUSED_FUNCTION = YES;
				GCC_WARN_UNUSED_VARIABLE = YES;
				IPHONEOS_DEPLOYMENT_TARGET = 16.2;
				MTL_ENABLE_DEBUG_INFO = INCLUDE_SOURCE;
				MTL_FAST_MATH = YES;
				ONLY_ACTIVE_ARCH = YES;
				SDKROOT = iphoneos;
				SWIFT_ACTIVE_COMPILATION_CONDITIONS = DEBUG;
				SWIFT_OPTIMIZATION_LEVEL = "-Onone";
			};
			name = Debug;
		};
		FC72B7B529AD643500E3A8F2 /* Release */ = {
			isa = XCBuildConfiguration;
			buildSettings = {
				ALWAYS_SEARCH_USER_PATHS = NO;
				CLANG_ANALYZER_NONNULL = YES;
				CLANG_ANALYZER_NUMBER_OBJECT_CONVERSION = YES_AGGRESSIVE;
				CLANG_CXX_LANGUAGE_STANDARD = "gnu++20";
				CLANG_ENABLE_MODULES = YES;
				CLANG_ENABLE_OBJC_ARC = YES;
				CLANG_ENABLE_OBJC_WEAK = YES;
				CLANG_WARN_BLOCK_CAPTURE_AUTORELEASING = YES;
				CLANG_WARN_BOOL_CONVERSION = YES;
				CLANG_WARN_COMMA = YES;
				CLANG_WARN_CONSTANT_CONVERSION = YES;
				CLANG_WARN_DEPRECATED_OBJC_IMPLEMENTATIONS = YES;
				CLANG_WARN_DIRECT_OBJC_ISA_USAGE = YES_ERROR;
				CLANG_WARN_DOCUMENTATION_COMMENTS = YES;
				CLANG_WARN_EMPTY_BODY = YES;
				CLANG_WARN_ENUM_CONVERSION = YES;
				CLANG_WARN_INFINITE_RECURSION = YES;
				CLANG_WARN_INT_CONVERSION = YES;
				CLANG_WARN_NON_LITERAL_NULL_CONVERSION = YES;
				CLANG_WARN_OBJC_IMPLICIT_RETAIN_SELF = YES;
				CLANG_WARN_OBJC_LITERAL_CONVERSION = YES;
				CLANG_WARN_OBJC_ROOT_CLASS = YES_ERROR;
				CLANG_WARN_QUOTED_INCLUDE_IN_FRAMEWORK_HEADER = YES;
				CLANG_WARN_RANGE_LOOP_ANALYSIS = YES;
				CLANG_WARN_STRICT_PROTOTYPES = YES;
				CLANG_WARN_SUSPICIOUS_MOVE = YES;
				CLANG_WARN_UNGUARDED_AVAILABILITY = YES_AGGRESSIVE;
				CLANG_WARN_UNREACHABLE_CODE = YES;
				CLANG_WARN__DUPLICATE_METHOD_MATCH = YES;
				COPY_PHASE_STRIP = NO;
				DEBUG_INFORMATION_FORMAT = "dwarf-with-dsym";
				ENABLE_NS_ASSERTIONS = NO;
				ENABLE_STRICT_OBJC_MSGSEND = YES;
				GCC_C_LANGUAGE_STANDARD = gnu11;
				GCC_NO_COMMON_BLOCKS = YES;
				GCC_WARN_64_TO_32_BIT_CONVERSION = YES;
				GCC_WARN_ABOUT_RETURN_TYPE = YES_ERROR;
				GCC_WARN_UNDECLARED_SELECTOR = YES;
				GCC_WARN_UNINITIALIZED_AUTOS = YES_AGGRESSIVE;
				GCC_WARN_UNUSED_FUNCTION = YES;
				GCC_WARN_UNUSED_VARIABLE = YES;
				IPHONEOS_DEPLOYMENT_TARGET = 16.2;
				MTL_ENABLE_DEBUG_INFO = NO;
				MTL_FAST_MATH = YES;
				SDKROOT = iphoneos;
				SWIFT_COMPILATION_MODE = wholemodule;
				SWIFT_OPTIMIZATION_LEVEL = "-O";
				VALIDATE_PRODUCT = YES;
			};
			name = Release;
		};
		FC72B7B729AD643500E3A8F2 /* Debug */ = {
			isa = XCBuildConfiguration;
			buildSettings = {
				ASSETCATALOG_COMPILER_APPICON_NAME = AppIcon;
				ASSETCATALOG_COMPILER_GLOBAL_ACCENT_COLOR_NAME = AccentColor;
				CODE_SIGN_STYLE = Automatic;
				CURRENT_PROJECT_VERSION = 1;
				DEVELOPMENT_ASSET_PATHS = "\"Weather/Preview Content\"";
				DEVELOPMENT_TEAM = 89CVSW5Z84;
				ENABLE_PREVIEWS = YES;
				GENERATE_INFOPLIST_FILE = YES;
				INFOPLIST_KEY_UIApplicationSceneManifest_Generation = YES;
				INFOPLIST_KEY_UIApplicationSupportsIndirectInputEvents = YES;
				INFOPLIST_KEY_UILaunchScreen_Generation = YES;
				INFOPLIST_KEY_UISupportedInterfaceOrientations_iPad = "UIInterfaceOrientationPortrait UIInterfaceOrientationPortraitUpsideDown UIInterfaceOrientationLandscapeLeft UIInterfaceOrientationLandscapeRight";
				INFOPLIST_KEY_UISupportedInterfaceOrientations_iPhone = "UIInterfaceOrientationPortrait UIInterfaceOrientationLandscapeLeft UIInterfaceOrientationLandscapeRight";
				LD_RUNPATH_SEARCH_PATHS = (
					"$(inherited)",
					"@executable_path/Frameworks",
				);
				MARKETING_VERSION = 1.0;
				PRODUCT_BUNDLE_IDENTIFIER = app.Weather;
				PRODUCT_NAME = "$(TARGET_NAME)";
				SWIFT_EMIT_LOC_STRINGS = YES;
				SWIFT_VERSION = 5.0;
				TARGETED_DEVICE_FAMILY = "1,2";
			};
			name = Debug;
		};
		FC72B7B829AD643500E3A8F2 /* Release */ = {
			isa = XCBuildConfiguration;
			buildSettings = {
				ASSETCATALOG_COMPILER_APPICON_NAME = AppIcon;
				ASSETCATALOG_COMPILER_GLOBAL_ACCENT_COLOR_NAME = AccentColor;
				CODE_SIGN_STYLE = Automatic;
				CURRENT_PROJECT_VERSION = 1;
				DEVELOPMENT_ASSET_PATHS = "\"Weather/Preview Content\"";
				DEVELOPMENT_TEAM = 89CVSW5Z84;
				ENABLE_PREVIEWS = YES;
				GENERATE_INFOPLIST_FILE = YES;
				INFOPLIST_KEY_UIApplicationSceneManifest_Generation = YES;
				INFOPLIST_KEY_UIApplicationSupportsIndirectInputEvents = YES;
				INFOPLIST_KEY_UILaunchScreen_Generation = YES;
				INFOPLIST_KEY_UISupportedInterfaceOrientations_iPad = "UIInterfaceOrientationPortrait UIInterfaceOrientationPortraitUpsideDown UIInterfaceOrientationLandscapeLeft UIInterfaceOrientationLandscapeRight";
				INFOPLIST_KEY_UISupportedInterfaceOrientations_iPhone = "UIInterfaceOrientationPortrait UIInterfaceOrientationLandscapeLeft UIInterfaceOrientationLandscapeRight";
				LD_RUNPATH_SEARCH_PATHS = (
					"$(inherited)",
					"@executable_path/Frameworks",
				);
				MARKETING_VERSION = 1.0;
				PRODUCT_BUNDLE_IDENTIFIER = app.Weather;
				PRODUCT_NAME = "$(TARGET_NAME)";
				SWIFT_EMIT_LOC_STRINGS = YES;
				SWIFT_VERSION = 5.0;
				TARGETED_DEVICE_FAMILY = "1,2";
			};
			name = Release;
		};
		FC72B7BA29AD643500E3A8F2 /* Debug */ = {
			isa = XCBuildConfiguration;
			buildSettings = {
				ALWAYS_EMBED_SWIFT_STANDARD_LIBRARIES = YES;
				BUNDLE_LOADER = "$(TEST_HOST)";
				CODE_SIGN_STYLE = Automatic;
				CURRENT_PROJECT_VERSION = 1;
				DEVELOPMENT_TEAM = 89CVSW5Z84;
				GENERATE_INFOPLIST_FILE = YES;
				IPHONEOS_DEPLOYMENT_TARGET = 16.2;
				MARKETING_VERSION = 1.0;
				PRODUCT_BUNDLE_IDENTIFIER = app.WeatherTests;
				PRODUCT_NAME = "$(TARGET_NAME)";
				SWIFT_EMIT_LOC_STRINGS = NO;
				SWIFT_VERSION = 5.0;
				TARGETED_DEVICE_FAMILY = "1,2";
				TEST_HOST = "$(BUILT_PRODUCTS_DIR)/Weather.app/$(BUNDLE_EXECUTABLE_FOLDER_PATH)/Weather";
			};
			name = Debug;
		};
		FC72B7BB29AD643500E3A8F2 /* Release */ = {
			isa = XCBuildConfiguration;
			buildSettings = {
				ALWAYS_EMBED_SWIFT_STANDARD_LIBRARIES = YES;
				BUNDLE_LOADER = "$(TEST_HOST)";
				CODE_SIGN_STYLE = Automatic;
				CURRENT_PROJECT_VERSION = 1;
				DEVELOPMENT_TEAM = 89CVSW5Z84;
				GENERATE_INFOPLIST_FILE = YES;
				IPHONEOS_DEPLOYMENT_TARGET = 16.2;
				MARKETING_VERSION = 1.0;
				PRODUCT_BUNDLE_IDENTIFIER = app.WeatherTests;
				PRODUCT_NAME = "$(TARGET_NAME)";
				SWIFT_EMIT_LOC_STRINGS = NO;
				SWIFT_VERSION = 5.0;
				TARGETED_DEVICE_FAMILY = "1,2";
				TEST_HOST = "$(BUILT_PRODUCTS_DIR)/Weather.app/$(BUNDLE_EXECUTABLE_FOLDER_PATH)/Weather";
			};
			name = Release;
		};
		FC72B7BD29AD643500E3A8F2 /* Debug */ = {
			isa = XCBuildConfiguration;
			buildSettings = {
				ALWAYS_EMBED_SWIFT_STANDARD_LIBRARIES = YES;
				CODE_SIGN_STYLE = Automatic;
				CURRENT_PROJECT_VERSION = 1;
				DEVELOPMENT_TEAM = 89CVSW5Z84;
				GENERATE_INFOPLIST_FILE = YES;
				MARKETING_VERSION = 1.0;
				PRODUCT_BUNDLE_IDENTIFIER = app.WeatherUITests;
				PRODUCT_NAME = "$(TARGET_NAME)";
				SWIFT_EMIT_LOC_STRINGS = NO;
				SWIFT_VERSION = 5.0;
				TARGETED_DEVICE_FAMILY = "1,2";
				TEST_TARGET_NAME = Weather;
			};
			name = Debug;
		};
		FC72B7BE29AD643500E3A8F2 /* Release */ = {
			isa = XCBuildConfiguration;
			buildSettings = {
				ALWAYS_EMBED_SWIFT_STANDARD_LIBRARIES = YES;
				CODE_SIGN_STYLE = Automatic;
				CURRENT_PROJECT_VERSION = 1;
				DEVELOPMENT_TEAM = 89CVSW5Z84;
				GENERATE_INFOPLIST_FILE = YES;
				MARKETING_VERSION = 1.0;
				PRODUCT_BUNDLE_IDENTIFIER = app.WeatherUITests;
				PRODUCT_NAME = "$(TARGET_NAME)";
				SWIFT_EMIT_LOC_STRINGS = NO;
				SWIFT_VERSION = 5.0;
				TARGETED_DEVICE_FAMILY = "1,2";
				TEST_TARGET_NAME = Weather;
			};
			name = Release;
		};
/* End XCBuildConfiguration section */

/* Begin XCConfigurationList section */
		FC72B78D29AD643400E3A8F2 /* Build configuration list for PBXProject "Weather" */ = {
			isa = XCConfigurationList;
			buildConfigurations = (
				FC72B7B429AD643500E3A8F2 /* Debug */,
				FC72B7B529AD643500E3A8F2 /* Release */,
			);
			defaultConfigurationIsVisible = 0;
			defaultConfigurationName = Release;
		};
		FC72B7B629AD643500E3A8F2 /* Build configuration list for PBXNativeTarget "Weather" */ = {
			isa = XCConfigurationList;
			buildConfigurations = (
				FC72B7B729AD643500E3A8F2 /* Debug */,
				FC72B7B829AD643500E3A8F2 /* Release */,
			);
			defaultConfigurationIsVisible = 0;
			defaultConfigurationName = Release;
		};
		FC72B7B929AD643500E3A8F2 /* Build configuration list for PBXNativeTarget "WeatherTests" */ = {
			isa = XCConfigurationList;
			buildConfigurations = (
				FC72B7BA29AD643500E3A8F2 /* Debug */,
				FC72B7BB29AD643500E3A8F2 /* Release */,
			);
			defaultConfigurationIsVisible = 0;
			defaultConfigurationName = Release;
		};
		FC72B7BC29AD643500E3A8F2 /* Build configuration list for PBXNativeTarget "WeatherUITests" */ = {
			isa = XCConfigurationList;
			buildConfigurations = (
				FC72B7BD29AD643500E3A8F2 /* Debug */,
				FC72B7BE29AD643500E3A8F2 /* Release */,
			);
			defaultConfigurationIsVisible = 0;
			defaultConfigurationName = Release;
		};
/* End XCConfigurationList section */
	};
	rootObject = FC72B78A29AD643400E3A8F2 /* Project object */;
}
